
Microsoft Visual Studio Solution File, Format Version 10.00
# Visual Studio 2008
Project("{57B76CF8-F148-40C5-BE9B-5C5EFB1ACA14}") = "ScheherazadeS60", "ScheherazadeS60\ScheherazadeS60.pyproj", "{29C41EA7-6882-449B-A6B6-C0B4A13FDBDA}"
EndProject
Global
	GlobalSection(SolutionConfigurationPlatforms) = preSolution
		Debug|Any CPU = Debug|Any CPU
		Release|Any CPU = Release|Any CPU
	EndGlobalSection
	GlobalSection(ProjectConfigurationPlatforms) = postSolution
		{29C41EA7-6882-449B-A6B6-C0B4A13FDBDA}.Debug|Any CPU.ActiveCfg = Debug|Any CPU
		{29C41EA7-6882-449B-A6B6-C0B4A13FDBDA}.Debug|Any CPU.Build.0 = Debug|Any CPU
		{29C41EA7-6882-449B-A6B6-C0B4A13FDBDA}.Release|Any CPU.ActiveCfg = Release|Any CPU
		{29C41EA7-6882-449B-A6B6-C0B4A13FDBDA}.Release|Any CPU.Build.0 = Release|Any CPU
	EndGlobalSection
	GlobalSection(SolutionProperties) = preSolution
		HideSolutionNode = FALSE
	EndGlobalSection
	GlobalSection(ExtensibilityGlobals) = postSolution
		VisualSVNWorkingCopyRoot = 
	EndGlobalSection
EndGlobal
